PODS:
  - Realm (10.29.0):
    - Realm/Headers (= 10.29.0)
  - Realm/Headers (10.29.0)
  - RealmSwift (10.29.0):
    - Realm (= 10.29.0)
  - Sentry (7.27.0):
    - Sentry/Core (= 7.27.0)
  - Sentry/Core (7.27.0)

DEPENDENCIES:
  - RealmSwift (~> 10)
  - Sentry (from `https://github.com/getsentry/sentry-cocoa.git`, tag `7.27.0`)

SPEC REPOS:
  trunk:
    - Realm
    - RealmSwift

EXTERNAL SOURCES:
  Sentry:
    :git: https://github.com/getsentry/sentry-cocoa.git
    :tag: 7.27.0

CHECKOUT OPTIONS:
  Sentry:
    :git: https://github.com/getsentry/sentry-cocoa.git
    :tag: 7.27.0

SPEC CHECKSUMS:
  Realm: 5596770daeff1ad76c8eb10d5947dc10472da779
  RealmSwift: 35d8d318b7e5a8dbc7096c2a243184e4d19abcc0
  Sentry: 026b36fdc09531604db9279e55f047fe652e3f4a

PODFILE CHECKSUM: 73184488e3de96104596a7ce5da9f50f9bf47fac

COCOAPODS: 1.11.3
