// !$*UTF8*$!
{
	archiveVersion = 1;
	classes = {
	};
	objectVersion = 56;
	objects = {

/* Begin PBXBuildFile section */
		903B0A89857736BE5E38D2A2 /* Pods_GoodbyeMoney.framework in Frameworks */ = {isa = PBXBuildFile; fileRef = 5C97110712A3DBA5AF2E1A94 /* Pods_GoodbyeMoney.framework */; };
		EB4B67E828D8700E002A4D8B /* TotalCurrencyBox.swift in Sources */ = {isa = PBXBuildFile; fileRef = EB4B67E728D8700E002A4D8B /* TotalCurrencyBox.swift */; };
		EB4B67EA28D87376002A4D8B /* ExpensesList.swift in Sources */ = {isa = PBXBuildFile; fileRef = EB4B67E928D87376002A4D8B /* ExpensesList.swift */; };
		EB4B67EC28D8759C002A4D8B /* Expense.swift in Sources */ = {isa = PBXBuildFile; fileRef = EB4B67EB28D8759C002A4D8B /* Expense.swift */; };
		EB4B67EE28D87616002A4D8B /* Currency.swift in Sources */ = {isa = PBXBuildFile; fileRef = EB4B67ED28D87616002A4D8B /* Currency.swift */; };
		EB4B67F128D87B03002A4D8B /* Double.swift in Sources */ = {isa = PBXBuildFile; fileRef = EB4B67F028D87B03002A4D8B /* Double.swift */; };
		EB4B67F328D88198002A4D8B /* MockExpenses.swift in Sources */ = {isa = PBXBuildFile; fileRef = EB4B67F228D88198002A4D8B /* MockExpenses.swift */; };
		EB4B67F528D881D4002A4D8B /* Recurrence.swift in Sources */ = {isa = PBXBuildFile; fileRef = EB4B67F428D881D4002A4D8B /* Recurrence.swift */; };
		EB4B67F728D887B9002A4D8B /* ExpensesUtils.swift in Sources */ = {isa = PBXBuildFile; fileRef = EB4B67F628D887B9002A4D8B /* ExpensesUtils.swift */; };
		EB4B67F928D88A1E002A4D8B /* DateUtils.swift in Sources */ = {isa = PBXBuildFile; fileRef = EB4B67F828D88A1E002A4D8B /* DateUtils.swift */; };
		EB4B67FB28D8A504002A4D8B /* Tag.swift in Sources */ = {isa = PBXBuildFile; fileRef = EB4B67FA28D8A504002A4D8B /* Tag.swift */; };
		EB510B7428D4CC1900D3C07B /* Add.swift in Sources */ = {isa = PBXBuildFile; fileRef = EB510B7328D4CC1900D3C07B /* Add.swift */; };
		EB510B7728D4D51E00D3C07B /* KeyboardUtils.swift in Sources */ = {isa = PBXBuildFile; fileRef = EB510B7628D4D51E00D3C07B /* KeyboardUtils.swift */; };
		EBA684F328D3799B000C541E /* GoodbyeMoneyApp.swift in Sources */ = {isa = PBXBuildFile; fileRef = EBA684F228D3799B000C541E /* GoodbyeMoneyApp.swift */; };
		EBA684F528D3799B000C541E /* ContentView.swift in Sources */ = {isa = PBXBuildFile; fileRef = EBA684F428D3799B000C541E /* ContentView.swift */; };
		EBA684F728D3799C000C541E /* Assets.xcassets in Resources */ = {isa = PBXBuildFile; fileRef = EBA684F628D3799C000C541E /* Assets.xcassets */; };
		EBA684FA28D3799C000C541E /* Preview Assets.xcassets in Resources */ = {isa = PBXBuildFile; fileRef = EBA684F928D3799C000C541E /* Preview Assets.xcassets */; };
		EBA6850328D37A58000C541E /* Expenses.swift in Sources */ = {isa = PBXBuildFile; fileRef = EBA6850228D37A58000C541E /* Expenses.swift */; };
		EBA6850528D37A6B000C541E /* Reports.swift in Sources */ = {isa = PBXBuildFile; fileRef = EBA6850428D37A6B000C541E /* Reports.swift */; };
		EBA6850728D37D04000C541E /* Settings.swift in Sources */ = {isa = PBXBuildFile; fileRef = EBA6850628D37D04000C541E /* Settings.swift */; };
		EBA6850928D37EC2000C541E /* Categories.swift in Sources */ = {isa = PBXBuildFile; fileRef = EBA6850828D37EC2000C541E /* Categories.swift */; };
		EBA6850C28D38867000C541E /* Category.swift in Sources */ = {isa = PBXBuildFile; fileRef = EBA6850B28D38867000C541E /* Category.swift */; };
		EBAA375228DB1A1400A38587 /* env.sh in Resources */ = {isa = PBXBuildFile; fileRef = EBAA375128DB1A1400A38587 /* env.sh */; };
/* End PBXBuildFile section */

/* Begin PBXFileReference section */
		0386E1ADA63C9B5BC7B32382 /* Pods-GoodbyeMoney.debug.xcconfig */ = {isa = PBXFileReference; includeInIndex = 1; lastKnownFileType = text.xcconfig; name = "Pods-GoodbyeMoney.debug.xcconfig"; path = "Target Support Files/Pods-GoodbyeMoney/Pods-GoodbyeMoney.debug.xcconfig"; sourceTree = "<group>"; };
		319E166A1DD883EF1631D1B1 /* Pods-GoodbyeMoney.release.xcconfig */ = {isa = PBXFileReference; includeInIndex = 1; lastKnownFileType = text.xcconfig; name = "Pods-GoodbyeMoney.release.xcconfig"; path = "Target Support Files/Pods-GoodbyeMoney/Pods-GoodbyeMoney.release.xcconfig"; sourceTree = "<group>"; };
		5C97110712A3DBA5AF2E1A94 /* Pods_GoodbyeMoney.framework */ = {isa = PBXFileReference; explicitFileType = wrapper.framework; includeInIndex = 0; path = Pods_GoodbyeMoney.framework; sourceTree = BUILT_PRODUCTS_DIR; };
		EB1F724028DA30780033A424 /* Info.plist */ = {isa = PBXFileReference; lastKnownFileType = text.plist; path = Info.plist; sourceTree = "<group>"; };
		EB4B67E728D8700E002A4D8B /* TotalCurrencyBox.swift */ = {isa = PBXFileReference; lastKnownFileType = sourcecode.swift; path = TotalCurrencyBox.swift; sourceTree = "<group>"; };
		EB4B67E928D87376002A4D8B /* ExpensesList.swift */ = {isa = PBXFileReference; lastKnownFileType = sourcecode.swift; path = ExpensesList.swift; sourceTree = "<group>"; };
		EB4B67EB28D8759C002A4D8B /* Expense.swift */ = {isa = PBXFileReference; lastKnownFileType = sourcecode.swift; path = Expense.swift; sourceTree = "<group>"; };
		EB4B67ED28D87616002A4D8B /* Currency.swift */ = {isa = PBXFileReference; lastKnownFileType = sourcecode.swift; path = Currency.swift; sourceTree = "<group>"; };
		EB4B67F028D87B03002A4D8B /* Double.swift */ = {isa = PBXFileReference; lastKnownFileType = sourcecode.swift; path = Double.swift; sourceTree = "<group>"; };
		EB4B67F228D88198002A4D8B /* MockExpenses.swift */ = {isa = PBXFileReference; lastKnownFileType = sourcecode.swift; path = MockExpenses.swift; sourceTree = "<group>"; };
		EB4B67F428D881D4002A4D8B /* Recurrence.swift */ = {isa = PBXFileReference; lastKnownFileType = sourcecode.swift; path = Recurrence.swift; sourceTree = "<group>"; };
		EB4B67F628D887B9002A4D8B /* ExpensesUtils.swift */ = {isa = PBXFileReference; lastKnownFileType = sourcecode.swift; path = ExpensesUtils.swift; sourceTree = "<group>"; };
		EB4B67F828D88A1E002A4D8B /* DateUtils.swift */ = {isa = PBXFileReference; lastKnownFileType = sourcecode.swift; path = DateUtils.swift; sourceTree = "<group>"; };
		EB4B67FA28D8A504002A4D8B /* Tag.swift */ = {isa = PBXFileReference; lastKnownFileType = sourcecode.swift; path = Tag.swift; sourceTree = "<group>"; };
		EB510B7328D4CC1900D3C07B /* Add.swift */ = {isa = PBXFileReference; lastKnownFileType = sourcecode.swift; path = Add.swift; sourceTree = "<group>"; };
		EB510B7628D4D51E00D3C07B /* KeyboardUtils.swift */ = {isa = PBXFileReference; lastKnownFileType = sourcecode.swift; path = KeyboardUtils.swift; sourceTree = "<group>"; };
		EBA684EF28D3799B000C541E /* GoodbyeMoney.app */ = {isa = PBXFileReference; explicitFileType = wrapper.application; includeInIndex = 0; path = GoodbyeMoney.app; sourceTree = BUILT_PRODUCTS_DIR; };
		EBA684F228D3799B000C541E /* GoodbyeMoneyApp.swift */ = {isa = PBXFileReference; lastKnownFileType = sourcecode.swift; path = GoodbyeMoneyApp.swift; sourceTree = "<group>"; };
		EBA684F428D3799B000C541E /* ContentView.swift */ = {isa = PBXFileReference; lastKnownFileType = sourcecode.swift; path = ContentView.swift; sourceTree = "<group>"; };
		EBA684F628D3799C000C541E /* Assets.xcassets */ = {isa = PBXFileReference; lastKnownFileType = folder.assetcatalog; path = Assets.xcassets; sourceTree = "<group>"; };
		EBA684F928D3799C000C541E /* Preview Assets.xcassets */ = {isa = PBXFileReference; lastKnownFileType = folder.assetcatalog; path = "Preview Assets.xcassets"; sourceTree = "<group>"; };
		EBA6850228D37A58000C541E /* Expenses.swift */ = {isa = PBXFileReference; lastKnownFileType = sourcecode.swift; path = Expenses.swift; sourceTree = "<group>"; };
		EBA6850428D37A6B000C541E /* Reports.swift */ = {isa = PBXFileReference; lastKnownFileType = sourcecode.swift; path = Reports.swift; sourceTree = "<group>"; };
		EBA6850628D37D04000C541E /* Settings.swift */ = {isa = PBXFileReference; lastKnownFileType = sourcecode.swift; path = Settings.swift; sourceTree = "<group>"; };
		EBA6850828D37EC2000C541E /* Categories.swift */ = {isa = PBXFileReference; lastKnownFileType = sourcecode.swift; path = Categories.swift; sourceTree = "<group>"; };
		EBA6850B28D38867000C541E /* Category.swift */ = {isa = PBXFileReference; lastKnownFileType = sourcecode.swift; path = Category.swift; sourceTree = "<group>"; };
		EBAA375128DB1A1400A38587 /* env.sh */ = {isa = PBXFileReference; lastKnownFileType = text.script.sh; path = env.sh; sourceTree = "<group>"; };
		EBAA375328DB1BF700A38587 /* env.sample.sh */ = {isa = PBXFileReference; lastKnownFileType = text.script.sh; path = env.sample.sh; sourceTree = "<group>"; };
/* End PBXFileReference section */

/* Begin PBXFrameworksBuildPhase section */
		EBA684EC28D3799B000C541E /* Frameworks */ = {
			isa = PBXFrameworksBuildPhase;
			buildActionMask = 2147483647;
			files = (
				903B0A89857736BE5E38D2A2 /* Pods_GoodbyeMoney.framework in Frameworks */,
			);
			runOnlyForDeploymentPostprocessing = 0;
		};
/* End PBXFrameworksBuildPhase section */

/* Begin PBXGroup section */
		0F2A34DB390FC07BE3FB5C33 /* Pods */ = {
			isa = PBXGroup;
			children = (
				0386E1ADA63C9B5BC7B32382 /* Pods-GoodbyeMoney.debug.xcconfig */,
				319E166A1DD883EF1631D1B1 /* Pods-GoodbyeMoney.release.xcconfig */,
			);
			path = Pods;
			sourceTree = "<group>";
		};
		5A3ED57F18D2FA220920ACBE /* Frameworks */ = {
			isa = PBXGroup;
			children = (
				5C97110712A3DBA5AF2E1A94 /* Pods_GoodbyeMoney.framework */,
			);
			name = Frameworks;
			sourceTree = "<group>";
		};
		EB4B67E628D86FFE002A4D8B /* Components */ = {
			isa = PBXGroup;
			children = (
				EB4B67E728D8700E002A4D8B /* TotalCurrencyBox.swift */,
				EB4B67E928D87376002A4D8B /* ExpensesList.swift */,
				EB4B67FA28D8A504002A4D8B /* Tag.swift */,
			);
			path = Components;
			sourceTree = "<group>";
		};
		EB4B67EF28D87AFA002A4D8B /* Extensions */ = {
			isa = PBXGroup;
			children = (
				EB4B67F028D87B03002A4D8B /* Double.swift */,
			);
			path = Extensions;
			sourceTree = "<group>";
		};
		EB510B7528D4D51500D3C07B /* Utilities */ = {
			isa = PBXGroup;
			children = (
				EB510B7628D4D51E00D3C07B /* KeyboardUtils.swift */,
				EB4B67F628D887B9002A4D8B /* ExpensesUtils.swift */,
				EB4B67F828D88A1E002A4D8B /* DateUtils.swift */,
			);
			path = Utilities;
			sourceTree = "<group>";
		};
		EBA684E628D3799B000C541E = {
			isa = PBXGroup;
			children = (
				EBA684F128D3799B000C541E /* GoodbyeMoney */,
				EBA684F028D3799B000C541E /* Products */,
				0F2A34DB390FC07BE3FB5C33 /* Pods */,
				5A3ED57F18D2FA220920ACBE /* Frameworks */,
			);
			sourceTree = "<group>";
		};
		EBA684F028D3799B000C541E /* Products */ = {
			isa = PBXGroup;
			children = (
				EBA684EF28D3799B000C541E /* GoodbyeMoney.app */,
			);
			name = Products;
			sourceTree = "<group>";
		};
		EBA684F128D3799B000C541E /* GoodbyeMoney */ = {
			isa = PBXGroup;
			children = (
				EB1F724028DA30780033A424 /* Info.plist */,
				EB4B67EF28D87AFA002A4D8B /* Extensions */,
				EB4B67E628D86FFE002A4D8B /* Components */,
				EB510B7528D4D51500D3C07B /* Utilities */,
				EBA6850A28D3885B000C541E /* Models */,
				EBA6850028D37A12000C541E /* Screens */,
				EBA684F228D3799B000C541E /* GoodbyeMoneyApp.swift */,
				EBA684F428D3799B000C541E /* ContentView.swift */,
				EBA684F628D3799C000C541E /* Assets.xcassets */,
				EBA684F828D3799C000C541E /* Preview Content */,
				EB4B67F228D88198002A4D8B /* MockExpenses.swift */,
				EBAA375128DB1A1400A38587 /* env.sh */,
				EBAA375328DB1BF700A38587 /* env.sample.sh */,
			);
			path = GoodbyeMoney;
			sourceTree = "<group>";
		};
		EBA684F828D3799C000C541E /* Preview Content */ = {
			isa = PBXGroup;
			children = (
				EBA684F928D3799C000C541E /* Preview Assets.xcassets */,
			);
			path = "Preview Content";
			sourceTree = "<group>";
		};
		EBA6850028D37A12000C541E /* Screens */ = {
			isa = PBXGroup;
			children = (
				EBA6850228D37A58000C541E /* Expenses.swift */,
				EBA6850428D37A6B000C541E /* Reports.swift */,
				EBA6850628D37D04000C541E /* Settings.swift */,
				EBA6850828D37EC2000C541E /* Categories.swift */,
				EB510B7328D4CC1900D3C07B /* Add.swift */,
			);
			path = Screens;
			sourceTree = "<group>";
		};
		EBA6850A28D3885B000C541E /* Models */ = {
			isa = PBXGroup;
			children = (
				EBA6850B28D38867000C541E /* Category.swift */,
				EB4B67EB28D8759C002A4D8B /* Expense.swift */,
				EB4B67ED28D87616002A4D8B /* Currency.swift */,
				EB4B67F428D881D4002A4D8B /* Recurrence.swift */,
			);
			path = Models;
			sourceTree = "<group>";
		};
/* End PBXGroup section */

/* Begin PBXNativeTarget section */
		EBA684EE28D3799B000C541E /* GoodbyeMoney */ = {
			isa = PBXNativeTarget;
			buildConfigurationList = EBA684FD28D3799C000C541E /* Build configuration list for PBXNativeTarget "GoodbyeMoney" */;
			buildPhases = (
				7F1275EAFB239BC97761801B /* [CP] Check Pods Manifest.lock */,
				EBA684EB28D3799B000C541E /* Sources */,
				EBA684EC28D3799B000C541E /* Frameworks */,
				EBA684ED28D3799B000C541E /* Resources */,
				24B044B88474BAED24E08D39 /* [CP] Embed Pods Frameworks */,
				EBAA374E28DAFE5400A38587 /* ShellScript */,
			);
			buildRules = (
			);
			dependencies = (
			);
			name = GoodbyeMoney;
			productName = GoodbyeMoney;
			productReference = EBA684EF28D3799B000C541E /* GoodbyeMoney.app */;
			productType = "com.apple.product-type.application";
		};
/* End PBXNativeTarget section */

/* Begin PBXProject section */
		EBA684E728D3799B000C541E /* Project object */ = {
			isa = PBXProject;
			attributes = {
				BuildIndependentTargetsInParallel = 1;
				LastSwiftUpdateCheck = 1400;
				LastUpgradeCheck = 1400;
				TargetAttributes = {
					EBA684EE28D3799B000C541E = {
						CreatedOnToolsVersion = 14.0;
					};
				};
			};
			buildConfigurationList = EBA684EA28D3799B000C541E /* Build configuration list for PBXProject "GoodbyeMoney" */;
			compatibilityVersion = "Xcode 14.0";
			developmentRegion = en;
			hasScannedForEncodings = 0;
			knownRegions = (
				en,
				Base,
			);
			mainGroup = EBA684E628D3799B000C541E;
			productRefGroup = EBA684F028D3799B000C541E /* Products */;
			projectDirPath = "";
			projectRoot = "";
			targets = (
				EBA684EE28D3799B000C541E /* GoodbyeMoney */,
			);
		};
/* End PBXProject section */

/* Begin PBXResourcesBuildPhase section */
		EBA684ED28D3799B000C541E /* Resources */ = {
			isa = PBXResourcesBuildPhase;
			buildActionMask = 2147483647;
			files = (
				EBAA375228DB1A1400A38587 /* env.sh in Resources */,
				EBA684FA28D3799C000C541E /* Preview Assets.xcassets in Resources */,
				EBA684F728D3799C000C541E /* Assets.xcassets in Resources */,
			);
			runOnlyForDeploymentPostprocessing = 0;
		};
/* End PBXResourcesBuildPhase section */

/* Begin PBXShellScriptBuildPhase section */
		24B044B88474BAED24E08D39 /* [CP] Embed Pods Frameworks */ = {
			isa = PBXShellScriptBuildPhase;
			buildActionMask = 2147483647;
			files = (
			);
			inputFileListPaths = (
				"${PODS_ROOT}/Target Support Files/Pods-GoodbyeMoney/Pods-GoodbyeMoney-frameworks-${CONFIGURATION}-input-files.xcfilelist",
			);
			name = "[CP] Embed Pods Frameworks";
			outputFileListPaths = (
				"${PODS_ROOT}/Target Support Files/Pods-GoodbyeMoney/Pods-GoodbyeMoney-frameworks-${CONFIGURATION}-output-files.xcfilelist",
			);
			runOnlyForDeploymentPostprocessing = 0;
			shellPath = /bin/sh;
			shellScript = "\"${PODS_ROOT}/Target Support Files/Pods-GoodbyeMoney/Pods-GoodbyeMoney-frameworks.sh\"\n";
			showEnvVarsInLog = 0;
		};
		7F1275EAFB239BC97761801B /* [CP] Check Pods Manifest.lock */ = {
			isa = PBXShellScriptBuildPhase;
			buildActionMask = 2147483647;
			files = (
			);
			inputFileListPaths = (
			);
			inputPaths = (
				"${PODS_PODFILE_DIR_PATH}/Podfile.lock",
				"${PODS_ROOT}/Manifest.lock",
			);
			name = "[CP] Check Pods Manifest.lock";
			outputFileListPaths = (
			);
			outputPaths = (
				"$(DERIVED_FILE_DIR)/Pods-GoodbyeMoney-checkManifestLockResult.txt",
			);
			runOnlyForDeploymentPostprocessing = 0;
			shellPath = /bin/sh;
			shellScript = "diff \"${PODS_PODFILE_DIR_PATH}/Podfile.lock\" \"${PODS_ROOT}/Manifest.lock\" > /dev/null\nif [ $? != 0 ] ; then\n    # print error to STDERR\n    echo \"error: The sandbox is not in sync with the Podfile.lock. Run 'pod install' or update your CocoaPods installation.\" >&2\n    exit 1\nfi\n# This output is used by Xcode 'outputs' to avoid re-running this script phase.\necho \"SUCCESS\" > \"${SCRIPT_OUTPUT_FILE_0}\"\n";
			showEnvVarsInLog = 0;
		};
		EBAA374E28DAFE5400A38587 /* ShellScript */ = {
			isa = PBXShellScriptBuildPhase;
			buildActionMask = 12;
			files = (
			);
			inputFileListPaths = (
			);
			inputPaths = (
				"${DWARF_DSYM_FOLDER_PATH}/${DWARF_DSYM_FILE_NAME}/Contents/Resources/DWARF/${TARGET_NAME}",
			);
			outputFileListPaths = (
			);
			outputPaths = (
			);
			runOnlyForDeploymentPostprocessing = 0;
			shellPath = /bin/sh;
			shellScript = "source $SRCROOT/GoodbyeMoney/env.sh\n\nif which sentry-cli >/dev/null; then\nERROR=$(sentry-cli upload-dif \"$DWARF_DSYM_FOLDER_PATH\" 2>&1 >/dev/null)\nif [ ! $? -eq 0 ]; then\necho \"error: sentry-cli - $ERROR\"\nexit 1\nfi\nelse\necho \"error: sentry-cli not installed, download from https://github.com/getsentry/sentry-cli/releases\"\nfi\n";
		};
/* End PBXShellScriptBuildPhase section */

/* Begin PBXSourcesBuildPhase section */
		EBA684EB28D3799B000C541E /* Sources */ = {
			isa = PBXSourcesBuildPhase;
			buildActionMask = 2147483647;
			files = (
				EB4B67EC28D8759C002A4D8B /* Expense.swift in Sources */,
				EBA6850328D37A58000C541E /* Expenses.swift in Sources */,
				EB4B67FB28D8A504002A4D8B /* Tag.swift in Sources */,
				EBA684F528D3799B000C541E /* ContentView.swift in Sources */,
				EBA684F328D3799B000C541E /* GoodbyeMoneyApp.swift in Sources */,
				EBA6850528D37A6B000C541E /* Reports.swift in Sources */,
				EB510B7728D4D51E00D3C07B /* KeyboardUtils.swift in Sources */,
				EB4B67F128D87B03002A4D8B /* Double.swift in Sources */,
				EB4B67F928D88A1E002A4D8B /* DateUtils.swift in Sources */,
				EBA6850728D37D04000C541E /* Settings.swift in Sources */,
				EB510B7428D4CC1900D3C07B /* Add.swift in Sources */,
				EB4B67F728D887B9002A4D8B /* ExpensesUtils.swift in Sources */,
				EB4B67F528D881D4002A4D8B /* Recurrence.swift in Sources */,
				EB4B67EE28D87616002A4D8B /* Currency.swift in Sources */,
				EB4B67E828D8700E002A4D8B /* TotalCurrencyBox.swift in Sources */,
				EB4B67EA28D87376002A4D8B /* ExpensesList.swift in Sources */,
				EB4B67F328D88198002A4D8B /* MockExpenses.swift in Sources */,
				EBA6850928D37EC2000C541E /* Categories.swift in Sources */,
				EBA6850C28D38867000C541E /* Category.swift in Sources */,
			);
			runOnlyForDeploymentPostprocessing = 0;
		};
/* End PBXSourcesBuildPhase section */

/* Begin XCBuildConfiguration section */
		EBA684FB28D3799C000C541E /* Debug */ = {
			isa = XCBuildConfiguration;
			buildSettings = {
				ALWAYS_SEARCH_USER_PATHS = NO;
				CLANG_ANALYZER_NONNULL = YES;
				CLANG_ANALYZER_NUMBER_OBJECT_CONVERSION = YES_AGGRESSIVE;
				CLANG_CXX_LANGUAGE_STANDARD = "gnu++20";
				CLANG_ENABLE_MODULES = YES;
				CLANG_ENABLE_OBJC_ARC = YES;
				CLANG_ENABLE_OBJC_WEAK = YES;
				CLANG_WARN_BLOCK_CAPTURE_AUTORELEASING = YES;
				CLANG_WARN_BOOL_CONVERSION = YES;
				CLANG_WARN_COMMA = YES;
				CLANG_WARN_CONSTANT_CONVERSION = YES;
				CLANG_WARN_DEPRECATED_OBJC_IMPLEMENTATIONS = YES;
				CLANG_WARN_DIRECT_OBJC_ISA_USAGE = YES_ERROR;
				CLANG_WARN_DOCUMENTATION_COMMENTS = YES;
				CLANG_WARN_EMPTY_BODY = YES;
				CLANG_WARN_ENUM_CONVERSION = YES;
				CLANG_WARN_INFINITE_RECURSION = YES;
				CLANG_WARN_INT_CONVERSION = YES;
				CLANG_WARN_NON_LITERAL_NULL_CONVERSION = YES;
				CLANG_WARN_OBJC_IMPLICIT_RETAIN_SELF = YES;
				CLANG_WARN_OBJC_LITERAL_CONVERSION = YES;
				CLANG_WARN_OBJC_ROOT_CLASS = YES_ERROR;
				CLANG_WARN_QUOTED_INCLUDE_IN_FRAMEWORK_HEADER = YES;
				CLANG_WARN_RANGE_LOOP_ANALYSIS = YES;
				CLANG_WARN_STRICT_PROTOTYPES = YES;
				CLANG_WARN_SUSPICIOUS_MOVE = YES;
				CLANG_WARN_UNGUARDED_AVAILABILITY = YES_AGGRESSIVE;
				CLANG_WARN_UNREACHABLE_CODE = YES;
				CLANG_WARN__DUPLICATE_METHOD_MATCH = YES;
				COPY_PHASE_STRIP = NO;
				DEBUG_INFORMATION_FORMAT = dwarf;
				ENABLE_STRICT_OBJC_MSGSEND = YES;
				ENABLE_TESTABILITY = YES;
				GCC_C_LANGUAGE_STANDARD = gnu11;
				GCC_DYNAMIC_NO_PIC = NO;
				GCC_NO_COMMON_BLOCKS = YES;
				GCC_OPTIMIZATION_LEVEL = 0;
				GCC_PREPROCESSOR_DEFINITIONS = (
					"DEBUG=1",
					"$(inherited)",
				);
				GCC_WARN_64_TO_32_BIT_CONVERSION = YES;
				GCC_WARN_ABOUT_RETURN_TYPE = YES_ERROR;
				GCC_WARN_UNDECLARED_SELECTOR = YES;
				GCC_WARN_UNINITIALIZED_AUTOS = YES_AGGRESSIVE;
				GCC_WARN_UNUSED_FUNCTION = YES;
				GCC_WARN_UNUSED_VARIABLE = YES;
				IPHONEOS_DEPLOYMENT_TARGET = 16.0;
				MTL_ENABLE_DEBUG_INFO = INCLUDE_SOURCE;
				MTL_FAST_MATH = YES;
				ONLY_ACTIVE_ARCH = YES;
				SDKROOT = iphoneos;
				SWIFT_ACTIVE_COMPILATION_CONDITIONS = DEBUG;
				SWIFT_OPTIMIZATION_LEVEL = "-Onone";
			};
			name = Debug;
		};
		EBA684FC28D3799C000C541E /* Release */ = {
			isa = XCBuildConfiguration;
			buildSettings = {
				ALWAYS_SEARCH_USER_PATHS = NO;
				CLANG_ANALYZER_NONNULL = YES;
				CLANG_ANALYZER_NUMBER_OBJECT_CONVERSION = YES_AGGRESSIVE;
				CLANG_CXX_LANGUAGE_STANDARD = "gnu++20";
				CLANG_ENABLE_MODULES = YES;
				CLANG_ENABLE_OBJC_ARC = YES;
				CLANG_ENABLE_OBJC_WEAK = YES;
				CLANG_WARN_BLOCK_CAPTURE_AUTORELEASING = YES;
				CLANG_WARN_BOOL_CONVERSION = YES;
				CLANG_WARN_COMMA = YES;
				CLANG_WARN_CONSTANT_CONVERSION = YES;
				CLANG_WARN_DEPRECATED_OBJC_IMPLEMENTATIONS = YES;
				CLANG_WARN_DIRECT_OBJC_ISA_USAGE = YES_ERROR;
				CLANG_WARN_DOCUMENTATION_COMMENTS = YES;
				CLANG_WARN_EMPTY_BODY = YES;
				CLANG_WARN_ENUM_CONVERSION = YES;
				CLANG_WARN_INFINITE_RECURSION = YES;
				CLANG_WARN_INT_CONVERSION = YES;
				CLANG_WARN_NON_LITERAL_NULL_CONVERSION = YES;
				CLANG_WARN_OBJC_IMPLICIT_RETAIN_SELF = YES;
				CLANG_WARN_OBJC_LITERAL_CONVERSION = YES;
				CLANG_WARN_OBJC_ROOT_CLASS = YES_ERROR;
				CLANG_WARN_QUOTED_INCLUDE_IN_FRAMEWORK_HEADER = YES;
				CLANG_WARN_RANGE_LOOP_ANALYSIS = YES;
				CLANG_WARN_STRICT_PROTOTYPES = YES;
				CLANG_WARN_SUSPICIOUS_MOVE = YES;
				CLANG_WARN_UNGUARDED_AVAILABILITY = YES_AGGRESSIVE;
				CLANG_WARN_UNREACHABLE_CODE = YES;
				CLANG_WARN__DUPLICATE_METHOD_MATCH = YES;
				COPY_PHASE_STRIP = NO;
				DEBUG_INFORMATION_FORMAT = "dwarf-with-dsym";
				ENABLE_NS_ASSERTIONS = NO;
				ENABLE_STRICT_OBJC_MSGSEND = YES;
				GCC_C_LANGUAGE_STANDARD = gnu11;
				GCC_NO_COMMON_BLOCKS = YES;
				GCC_WARN_64_TO_32_BIT_CONVERSION = YES;
				GCC_WARN_ABOUT_RETURN_TYPE = YES_ERROR;
				GCC_WARN_UNDECLARED_SELECTOR = YES;
				GCC_WARN_UNINITIALIZED_AUTOS = YES_AGGRESSIVE;
				GCC_WARN_UNUSED_FUNCTION = YES;
				GCC_WARN_UNUSED_VARIABLE = YES;
				IPHONEOS_DEPLOYMENT_TARGET = 16.0;
				MTL_ENABLE_DEBUG_INFO = NO;
				MTL_FAST_MATH = YES;
				SDKROOT = iphoneos;
				SWIFT_COMPILATION_MODE = wholemodule;
				SWIFT_OPTIMIZATION_LEVEL = "-O";
				VALIDATE_PRODUCT = YES;
			};
			name = Release;
		};
		EBA684FE28D3799C000C541E /* Debug */ = {
			isa = XCBuildConfiguration;
			baseConfigurationReference = 0386E1ADA63C9B5BC7B32382 /* Pods-GoodbyeMoney.debug.xcconfig */;
			buildSettings = {
				ASSETCATALOG_COMPILER_APPICON_NAME = AppIcon;
				ASSETCATALOG_COMPILER_GLOBAL_ACCENT_COLOR_NAME = AccentColor;
				CODE_SIGN_STYLE = Automatic;
				CURRENT_PROJECT_VERSION = 2;
				DEVELOPMENT_ASSET_PATHS = "\"GoodbyeMoney/Preview Content\"";
				DEVELOPMENT_TEAM = 7XX8K2NVSG;
				ENABLE_PREVIEWS = YES;
				GENERATE_INFOPLIST_FILE = YES;
				INFOPLIST_FILE = GoodbyeMoney/Info.plist;
				INFOPLIST_KEY_LSApplicationCategoryType = "public.app-category.finance";
				INFOPLIST_KEY_UIApplicationSceneManifest_Generation = YES;
				INFOPLIST_KEY_UIApplicationSupportsIndirectInputEvents = YES;
				INFOPLIST_KEY_UILaunchScreen_Generation = YES;
				INFOPLIST_KEY_UIStatusBarStyle = UIStatusBarStyleDarkContent;
				INFOPLIST_KEY_UISupportedInterfaceOrientations = UIInterfaceOrientationPortrait;
				INFOPLIST_KEY_UISupportedInterfaceOrientations_iPad = "UIInterfaceOrientationLandscapeLeft UIInterfaceOrientationLandscapeRight UIInterfaceOrientationPortrait UIInterfaceOrientationPortraitUpsideDown";
				INFOPLIST_KEY_UIUserInterfaceStyle = Dark;
				IPHONEOS_DEPLOYMENT_TARGET = 16.0;
				LD_RUNPATH_SEARCH_PATHS = (
					"$(inherited)",
					"@executable_path/Frameworks",
				);
				MARKETING_VERSION = 1.1;
				PRODUCT_BUNDLE_IDENTIFIER = com.nikolovlazar.GoodbyeMoney;
				PRODUCT_NAME = "$(TARGET_NAME)";
				SUPPORTED_PLATFORMS = "iphoneos iphonesimulator";
				SUPPORTS_MACCATALYST = NO;
				SUPPORTS_MAC_DESIGNED_FOR_IPHONE_IPAD = YES;
				SWIFT_EMIT_LOC_STRINGS = YES;
				SWIFT_VERSION = 5.0;
				TARGETED_DEVICE_FAMILY = 1;
			};
			name = Debug;
		};
		EBA684FF28D3799C000C541E /* Release */ = {
			isa = XCBuildConfiguration;
			baseConfigurationReference = 319E166A1DD883EF1631D1B1 /* Pods-GoodbyeMoney.release.xcconfig */;
			buildSettings = {
				ASSETCATALOG_COMPILER_APPICON_NAME = AppIcon;
				ASSETCATALOG_COMPILER_GLOBAL_ACCENT_COLOR_NAME = AccentColor;
				CODE_SIGN_STYLE = Automatic;
				CURRENT_PROJECT_VERSION = 2;
				DEVELOPMENT_ASSET_PATHS = "\"GoodbyeMoney/Preview Content\"";
				DEVELOPMENT_TEAM = 7XX8K2NVSG;
				ENABLE_PREVIEWS = YES;
				GENERATE_INFOPLIST_FILE = YES;
				INFOPLIST_FILE = GoodbyeMoney/Info.plist;
				INFOPLIST_KEY_LSApplicationCategoryType = "public.app-category.finance";
				INFOPLIST_KEY_UIApplicationSceneManifest_Generation = YES;
				INFOPLIST_KEY_UIApplicationSupportsIndirectInputEvents = YES;
				INFOPLIST_KEY_UILaunchScreen_Generation = YES;
				INFOPLIST_KEY_UIStatusBarStyle = UIStatusBarStyleDarkContent;
				INFOPLIST_KEY_UISupportedInterfaceOrientations = UIInterfaceOrientationPortrait;
				INFOPLIST_KEY_UISupportedInterfaceOrientations_iPad = "UIInterfaceOrientationLandscapeLeft UIInterfaceOrientationLandscapeRight UIInterfaceOrientationPortrait UIInterfaceOrientationPortraitUpsideDown";
				INFOPLIST_KEY_UIUserInterfaceStyle = Dark;
				IPHONEOS_DEPLOYMENT_TARGET = 16.0;
				LD_RUNPATH_SEARCH_PATHS = (
					"$(inherited)",
					"@executable_path/Frameworks",
				);
				MARKETING_VERSION = 1.1;
				PRODUCT_BUNDLE_IDENTIFIER = com.nikolovlazar.GoodbyeMoney;
				PRODUCT_NAME = "$(TARGET_NAME)";
				SUPPORTED_PLATFORMS = "iphoneos iphonesimulator";
				SUPPORTS_MACCATALYST = NO;
				SUPPORTS_MAC_DESIGNED_FOR_IPHONE_IPAD = YES;
				SWIFT_EMIT_LOC_STRINGS = YES;
				SWIFT_VERSION = 5.0;
				TARGETED_DEVICE_FAMILY = 1;
			};
			name = Release;
		};
/* End XCBuildConfiguration section */

/* Begin XCConfigurationList section */
		EBA684EA28D3799B000C541E /* Build configuration list for PBXProject "GoodbyeMoney" */ = {
			isa = XCConfigurationList;
			buildConfigurations = (
				EBA684FB28D3799C000C541E /* Debug */,
				EBA684FC28D3799C000C541E /* Release */,
			);
			defaultConfigurationIsVisible = 0;
			defaultConfigurationName = Release;
		};
		EBA684FD28D3799C000C541E /* Build configuration list for PBXNativeTarget "GoodbyeMoney" */ = {
			isa = XCConfigurationList;
			buildConfigurations = (
				EBA684FE28D3799C000C541E /* Debug */,
				EBA684FF28D3799C000C541E /* Release */,
			);
			defaultConfigurationIsVisible = 0;
			defaultConfigurationName = Release;
		};
/* End XCConfigurationList section */
	};
	rootObject = EBA684E728D3799B000C541E /* Project object */;
}
